
Microsoft Visual Studio Solution File, Format Version 12.00
# Visual Studio Version 17
VisualStudioVersion = 17.4.33213.308
MinimumVisualStudioVersion = 10.0.40219.1
Project("{FAE04EC0-301F-11D3-BF4B-00C04F79EFBC}") = "MVVM_implementacion_RERM.Android", "MVVM_implementacion_RERM\MVVM_implementacion_RERM.Android\MVVM_implementacion_RERM.Android.csproj", "{B581D40D-F631-4CA5-B0AD-FE8DD66856E3}"
EndProject
Project("{FAE04EC0-301F-11D3-BF4B-00C04F79EFBC}") = "MVVM_implementacion_RERM.iOS", "MVVM_implementacion_RERM\MVVM_implementacion_RERM.iOS\MVVM_implementacion_RERM.iOS.csproj", "{F96DBBA0-186F-4F07-B8CC-6221D5015D1A}"
EndProject
Project("{FAE04EC0-301F-11D3-BF4B-00C04F79EFBC}") = "MVVM_implementacion_RERM", "MVVM_implementacion_RERM\MVVM_implementacion_RERM\MVVM_implementacion_RERM.csproj", "{D9D46290-B5B3-4E7F-9C14-3CCD81527C6D}"
EndProject
Global
	GlobalSection(SolutionConfigurationPlatforms) = preSolution
		Debug|Any CPU = Debug|Any CPU
		Debug|iPhone = Debug|iPhone
		Debug|iPhoneSimulator = Debug|iPhoneSimulator
		Release|Any CPU = Release|Any CPU
		Release|iPhone = Release|iPhone
		Release|iPhoneSimulator = Release|iPhoneSimulator
	EndGlobalSection
	GlobalSection(ProjectConfigurationPlatforms) = postSolution
		{B581D40D-F631-4CA5-B0AD-FE8DD66856E3}.Debug|Any CPU.ActiveCfg = Debug|Any CPU
		{B581D40D-F631-4CA5-B0AD-FE8DD66856E3}.Debug|Any CPU.Build.0 = Debug|Any CPU
		{B581D40D-F631-4CA5-B0AD-FE8DD66856E3}.Debug|Any CPU.Deploy.0 = Debug|Any CPU
		{B581D40D-F631-4CA5-B0AD-FE8DD66856E3}.Debug|iPhone.ActiveCfg = Debug|Any CPU
		{B581D40D-F631-4CA5-B0AD-FE8DD66856E3}.Debug|iPhone.Build.0 = Debug|Any CPU
		{B581D40D-F631-4CA5-B0AD-FE8DD66856E3}.Debug|iPhone.Deploy.0 = Debug|Any CPU
		{B581D40D-F631-4CA5-B0AD-FE8DD66856E3}.Debug|iPhoneSimulator.ActiveCfg = Debug|Any CPU
		{B581D40D-F631-4CA5-B0AD-FE8DD66856E3}.Debug|iPhoneSimulator.Build.0 = Debug|Any CPU
		{B581D40D-F631-4CA5-B0AD-FE8DD66856E3}.Debug|iPhoneSimulator.Deploy.0 = Debug|Any CPU
		{B581D40D-F631-4CA5-B0AD-FE8DD66856E3}.Release|Any CPU.ActiveCfg = Release|Any CPU
		{B581D40D-F631-4CA5-B0AD-FE8DD66856E3}.Release|Any CPU.Build.0 = Release|Any CPU
		{B581D40D-F631-4CA5-B0AD-FE8DD66856E3}.Release|Any CPU.Deploy.0 = Release|Any CPU
		{B581D40D-F631-4CA5-B0AD-FE8DD66856E3}.Release|iPhone.ActiveCfg = Release|Any CPU
		{B581D40D-F631-4CA5-B0AD-FE8DD66856E3}.Release|iPhone.Build.0 = Release|Any CPU
		{B581D40D-F631-4CA5-B0AD-FE8DD66856E3}.Release|iPhone.Deploy.0 = Release|Any CPU
		{B581D40D-F631-4CA5-B0AD-FE8DD66856E3}.Release|iPhoneSimulator.ActiveCfg = Release|Any CPU
		{B581D40D-F631-4CA5-B0AD-FE8DD66856E3}.Release|iPhoneSimulator.Build.0 = Release|Any CPU
		{B581D40D-F631-4CA5-B0AD-FE8DD66856E3}.Release|iPhoneSimulator.Deploy.0 = Release|Any CPU
		{F96DBBA0-186F-4F07-B8CC-6221D5015D1A}.Debug|Any CPU.ActiveCfg = Debug|iPhone
		{F96DBBA0-186F-4F07-B8CC-6221D5015D1A}.Debug|Any CPU.Build.0 = Debug|iPhone
		{F96DBBA0-186F-4F07-B8CC-6221D5015D1A}.Debug|Any CPU.Deploy.0 = Debug|iPhone
		{F96DBBA0-186F-4F07-B8CC-6221D5015D1A}.Debug|iPhone.ActiveCfg = Debug|iPhone
		{F96DBBA0-186F-4F07-B8CC-6221D5015D1A}.Debug|iPhone.Build.0 = Debug|iPhone
		{F96DBBA0-186F-4F07-B8CC-6221D5015D1A}.Debug|iPhone.Deploy.0 = Debug|iPhone
		{F96DBBA0-186F-4F07-B8CC-6221D5015D1A}.Debug|iPhoneSimulator.ActiveCfg = Debug|iPhoneSimulator
		{F96DBBA0-186F-4F07-B8CC-6221D5015D1A}.Debug|iPhoneSimulator.Build.0 = Debug|iPhoneSimulator
		{F96DBBA0-186F-4F07-B8CC-6221D5015D1A}.Debug|iPhoneSimulator.Deploy.0 = Debug|iPhoneSimulator
		{F96DBBA0-186F-4F07-B8CC-6221D5015D1A}.Release|Any CPU.ActiveCfg = Release|iPhoneSimulator
		{F96DBBA0-186F-4F07-B8CC-6221D5015D1A}.Release|Any CPU.Build.0 = Release|iPhoneSimulator
		{F96DBBA0-186F-4F07-B8CC-6221D5015D1A}.Release|Any CPU.Deploy.0 = Release|iPhoneSimulator
		{F96DBBA0-186F-4F07-B8CC-6221D5015D1A}.Release|iPhone.ActiveCfg = Release|iPhone
		{F96DBBA0-186F-4F07-B8CC-6221D5015D1A}.Release|iPhone.Build.0 = Release|iPhone
		{F96DBBA0-186F-4F07-B8CC-6221D5015D1A}.Release|iPhone.Deploy.0 = Release|iPhone
		{F96DBBA0-186F-4F07-B8CC-6221D5015D1A}.Release|iPhoneSimulator.ActiveCfg = Release|iPhoneSimulator
		{F96DBBA0-186F-4F07-B8CC-6221D5015D1A}.Release|iPhoneSimulator.Build.0 = Release|iPhoneSimulator
		{F96DBBA0-186F-4F07-B8CC-6221D5015D1A}.Release|iPhoneSimulator.Deploy.0 = Release|iPhoneSimulator
		{D9D46290-B5B3-4E7F-9C14-3CCD81527C6D}.Debug|Any CPU.ActiveCfg = Debug|Any CPU
		{D9D46290-B5B3-4E7F-9C14-3CCD81527C6D}.Debug|Any CPU.Build.0 = Debug|Any CPU
		{D9D46290-B5B3-4E7F-9C14-3CCD81527C6D}.Debug|Any CPU.Deploy.0 = Debug|Any CPU
		{D9D46290-B5B3-4E7F-9C14-3CCD81527C6D}.Debug|iPhone.ActiveCfg = Debug|Any CPU
		{D9D46290-B5B3-4E7F-9C14-3CCD81527C6D}.Debug|iPhone.Build.0 = Debug|Any CPU
		{D9D46290-B5B3-4E7F-9C14-3CCD81527C6D}.Debug|iPhone.Deploy.0 = Debug|Any CPU
		{D9D46290-B5B3-4E7F-9C14-3CCD81527C6D}.Debug|iPhoneSimulator.ActiveCfg = Debug|Any CPU
		{D9D46290-B5B3-4E7F-9C14-3CCD81527C6D}.Debug|iPhoneSimulator.Build.0 = Debug|Any CPU
		{D9D46290-B5B3-4E7F-9C14-3CCD81527C6D}.Debug|iPhoneSimulator.Deploy.0 = Debug|Any CPU
		{D9D46290-B5B3-4E7F-9C14-3CCD81527C6D}.Release|Any CPU.ActiveCfg = Release|Any CPU
		{D9D46290-B5B3-4E7F-9C14-3CCD81527C6D}.Release|Any CPU.Build.0 = Release|Any CPU
		{D9D46290-B5B3-4E7F-9C14-3CCD81527C6D}.Release|Any CPU.Deploy.0 = Release|Any CPU
		{D9D46290-B5B3-4E7F-9C14-3CCD81527C6D}.Release|iPhone.ActiveCfg = Release|Any CPU
		{D9D46290-B5B3-4E7F-9C14-3CCD81527C6D}.Release|iPhone.Build.0 = Release|Any CPU
		{D9D46290-B5B3-4E7F-9C14-3CCD81527C6D}.Release|iPhone.Deploy.0 = Release|Any CPU
		{D9D46290-B5B3-4E7F-9C14-3CCD81527C6D}.Release|iPhoneSimulator.ActiveCfg = Release|Any CPU
		{D9D46290-B5B3-4E7F-9C14-3CCD81527C6D}.Release|iPhoneSimulator.Build.0 = Release|Any CPU
		{D9D46290-B5B3-4E7F-9C14-3CCD81527C6D}.Release|iPhoneSimulator.Deploy.0 = Release|Any CPU
	EndGlobalSection
	GlobalSection(SolutionProperties) = preSolution
		HideSolutionNode = FALSE
	EndGlobalSection
	GlobalSection(ExtensibilityGlobals) = postSolution
		SolutionGuid = {AFC985B5-147F-4425-B5DB-AF7252C382FA}
	EndGlobalSection
EndGlobal
